
Microsoft Visual Studio Solution File, Format Version 12.00
# Visual Studio Version 17
VisualStudioVersion = 17.11.35327.3
MinimumVisualStudioVersion = 10.0.40219.1
Project("{9A19103F-16F7-4668-BE54-9A1E7A4F7556}") = "SignalRSyncServer", "SignalRSyncServer\SignalRSyncServer.csproj", "{90C1A70D-29E1-4310-BE97-BD254E5A3EFB}"
EndProject
Project("{FAE04EC0-301F-11D3-BF4B-00C04F79EFBC}") = "SignalRSyncClient", "SignalRSyncClient\SignalRSyncClient.csproj", "{071BDE64-D1AF-4F4C-BD72-23864D909CE2}"
EndProject
Global
	GlobalSection(SolutionConfigurationPlatforms) = preSolution
		Debug|Any CPU = Debug|Any CPU
		Release|Any CPU = Release|Any CPU
	EndGlobalSection
	GlobalSection(ProjectConfigurationPlatforms) = postSolution
		{90C1A70D-29E1-4310-BE97-BD254E5A3EFB}.Debug|Any CPU.ActiveCfg = Debug|Any CPU
		{90C1A70D-29E1-4310-BE97-BD254E5A3EFB}.Debug|Any CPU.Build.0 = Debug|Any CPU
		{90C1A70D-29E1-4310-BE97-BD254E5A3EFB}.Release|Any CPU.ActiveCfg = Release|Any CPU
		{90C1A70D-29E1-4310-BE97-BD254E5A3EFB}.Release|Any CPU.Build.0 = Release|Any CPU
		{071BDE64-D1AF-4F4C-BD72-23864D909CE2}.Debug|Any CPU.ActiveCfg = Debug|Any CPU
		{071BDE64-D1AF-4F4C-BD72-23864D909CE2}.Debug|Any CPU.Build.0 = Debug|Any CPU
		{071BDE64-D1AF-4F4C-BD72-23864D909CE2}.Release|Any CPU.ActiveCfg = Release|Any CPU
		{071BDE64-D1AF-4F4C-BD72-23864D909CE2}.Release|Any CPU.Build.0 = Release|Any CPU
	EndGlobalSection
	GlobalSection(SolutionProperties) = preSolution
		HideSolutionNode = FALSE
	EndGlobalSection
	GlobalSection(ExtensibilityGlobals) = postSolution
		SolutionGuid = {529CBB7B-CCF9-432B-B98D-C781823290F0}
	EndGlobalSection
EndGlobal
